
Microsoft Visual Studio Solution File, Format Version 12.00
# Visual Studio 14
VisualStudioVersion = 14.0.24720.0
MinimumVisualStudioVersion = 10.0.40219.1
Project("{FAE04EC0-301F-11D3-BF4B-00C04F79EFBC}") = "PokemonBattle", "PokemonBattle\PokemonBattle.csproj", "{DC87B26D-2506-40A7-8FE8-1A45A55C6170}"
EndProject
Project("{FAE04EC0-301F-11D3-BF4B-00C04F79EFBC}") = "Gen1BattleEngine", "Gen1BattleEngine\Gen1BattleEngine.csproj", "{0E191D7C-4B9D-451E-A968-F580C94665F4}"
EndProject
Project("{FAE04EC0-301F-11D3-BF4B-00C04F79EFBC}") = "BattleEngine", "BattleEngine\BattleEngine.csproj", "{8A6A6498-8374-41E9-9D81-836CCE3D5F01}"
EndProject
Global
	GlobalSection(SolutionConfigurationPlatforms) = preSolution
		Debug|Any CPU = Debug|Any CPU
		Release|Any CPU = Release|Any CPU
	EndGlobalSection
	GlobalSection(ProjectConfigurationPlatforms) = postSolution
		{DC87B26D-2506-40A7-8FE8-1A45A55C6170}.Debug|Any CPU.ActiveCfg = Debug|Any CPU
		{DC87B26D-2506-40A7-8FE8-1A45A55C6170}.Debug|Any CPU.Build.0 = Debug|Any CPU
		{DC87B26D-2506-40A7-8FE8-1A45A55C6170}.Release|Any CPU.ActiveCfg = Release|Any CPU
		{DC87B26D-2506-40A7-8FE8-1A45A55C6170}.Release|Any CPU.Build.0 = Release|Any CPU
		{0E191D7C-4B9D-451E-A968-F580C94665F4}.Debug|Any CPU.ActiveCfg = Debug|Any CPU
		{0E191D7C-4B9D-451E-A968-F580C94665F4}.Debug|Any CPU.Build.0 = Debug|Any CPU
		{0E191D7C-4B9D-451E-A968-F580C94665F4}.Release|Any CPU.ActiveCfg = Release|Any CPU
		{0E191D7C-4B9D-451E-A968-F580C94665F4}.Release|Any CPU.Build.0 = Release|Any CPU
		{8A6A6498-8374-41E9-9D81-836CCE3D5F01}.Debug|Any CPU.ActiveCfg = Debug|Any CPU
		{8A6A6498-8374-41E9-9D81-836CCE3D5F01}.Debug|Any CPU.Build.0 = Debug|Any CPU
		{8A6A6498-8374-41E9-9D81-836CCE3D5F01}.Release|Any CPU.ActiveCfg = Release|Any CPU
		{8A6A6498-8374-41E9-9D81-836CCE3D5F01}.Release|Any CPU.Build.0 = Release|Any CPU
	EndGlobalSection
	GlobalSection(SolutionProperties) = preSolution
		HideSolutionNode = FALSE
	EndGlobalSection
EndGlobal
